// !$*UTF8*$!
{
	archiveVersion = 1;
	classes = {
	};
	objectVersion = 46;
	objects = {

/* Begin PBXBuildFile section */
		6620CB9E1B0A8C3600ABF0DC /* main.cpp in Sources */ = {isa = PBXBuildFile; fileRef = 6620CB9D1B0A8C3600ABF0DC /* main.cpp */; };
/* End PBXBuildFile section */

/* Begin PBXCopyFilesBuildPhase section */
		6620CB981B0A8C3600ABF0DC /* CopyFiles */ = {
			isa = PBXCopyFilesBuildPhase;
			buildActionMask = 2147483647;
			dstPath = /usr/share/man/man1/;
			dstSubfolderSpec = 0;
			files = (
			);
			runOnlyForDeploymentPostprocessing = 1;
		};
/* End PBXCopyFilesBuildPhase section */

/* Begin PBXFileReference section */
		6620CB9A1B0A8C3600ABF0DC /* Fila de Prioridade */ = {isa = PBXFileReference; explicitFileType = "compiled.mach-o.executable"; includeInIndex = 0; path = "Fila de Prioridade"; sourceTree = BUILT_PRODUCTS_DIR; };
		6620CB9D1B0A8C3600ABF0DC /* main.cpp */ = {isa = PBXFileReference; lastKnownFileType = sourcecode.cpp.cpp; path = main.cpp; sourceTree = "<group>"; };
/* End PBXFileReference section */

/* Begin PBXFrameworksBuildPhase section */
		6620CB971B0A8C3600ABF0DC /* Frameworks */ = {
			isa = PBXFrameworksBuildPhase;
			buildActionMask = 2147483647;
			files = (
			);
			runOnlyForDeploymentPostprocessing = 0;
		};
/* End PBXFrameworksBuildPhase section */

/* Begin PBXGroup section */
		6620CB911B0A8C3600ABF0DC = {
			isa = PBXGroup;
			children = (
				6620CB9C1B0A8C3600ABF0DC /* Fila de Prioridade */,
				6620CB9B1B0A8C3600ABF0DC /* Products */,
			);
			sourceTree = "<group>";
		};
		6620CB9B1B0A8C3600ABF0DC /* Products */ = {
			isa = PBXGroup;
			children = (
				6620CB9A1B0A8C3600ABF0DC /* Fila de Prioridade */,
			);
			name = Products;
			sourceTree = "<group>";
		};
		6620CB9C1B0A8C3600ABF0DC /* Fila de Prioridade */ = {
			isa = PBXGroup;
			children = (
				6620CB9D1B0A8C3600ABF0DC /* main.cpp */,
			);
			path = "Fila de Prioridade";
			sourceTree = "<group>";
		};
/* End PBXGroup section */

/* Begin PBXNativeTarget section */
		6620CB991B0A8C3600ABF0DC /* Fila de Prioridade */ = {
			isa = PBXNativeTarget;
			buildConfigurationList = 6620CBA11B0A8C3600ABF0DC /* Build configuration list for PBXNativeTarget "Fila de Prioridade" */;
			buildPhases = (
				6620CB961B0A8C3600ABF0DC /* Sources */,
				6620CB971B0A8C3600ABF0DC /* Frameworks */,
				6620CB981B0A8C3600ABF0DC /* CopyFiles */,
			);
			buildRules = (
			);
			dependencies = (
			);
			name = "Fila de Prioridade";
			productName = "Fila de Prioridade";
			productReference = 6620CB9A1B0A8C3600ABF0DC /* Fila de Prioridade */;
			productType = "com.apple.product-type.tool";
		};
/* End PBXNativeTarget section */

/* Begin PBXProject section */
		6620CB921B0A8C3600ABF0DC /* Project object */ = {
			isa = PBXProject;
			attributes = {
				LastUpgradeCheck = 0630;
				ORGANIZATIONNAME = "Diogo Martins";
				TargetAttributes = {
					6620CB991B0A8C3600ABF0DC = {
						CreatedOnToolsVersion = 6.3.1;
					};
				};
			};
			buildConfigurationList = 6620CB951B0A8C3600ABF0DC /* Build configuration list for PBXProject "Fila de Prioridade" */;
			compatibilityVersion = "Xcode 3.2";
			developmentRegion = English;
			hasScannedForEncodings = 0;
			knownRegions = (
				en,
			);
			mainGroup = 6620CB911B0A8C3600ABF0DC;
			productRefGroup = 6620CB9B1B0A8C3600ABF0DC /* Products */;
			projectDirPath = "";
			projectRoot = "";
			targets = (
				6620CB991B0A8C3600ABF0DC /* Fila de Prioridade */,
			);
		};
/* End PBXProject section */

/* Begin PBXSourcesBuildPhase section */
		6620CB961B0A8C3600ABF0DC /* Sources */ = {
			isa = PBXSourcesBuildPhase;
			buildActionMask = 2147483647;
			files = (
				6620CB9E1B0A8C3600ABF0DC /* main.cpp in Sources */,
			);
			runOnlyForDeploymentPostprocessing = 0;
		};
/* End PBXSourcesBuildPhase section */

/* Begin XCBuildConfiguration section */
		6620CB9F1B0A8C3600ABF0DC /* Debug */ = {
			isa = XCBuildConfiguration;
			buildSettings = {
				ALWAYS_SEARCH_USER_PATHS = NO;
				CLANG_CXX_LANGUAGE_STANDARD = "gnu++0x";
				CLANG_CXX_LIBRARY = "libc++";
				CLANG_ENABLE_MODULES = YES;
				CLANG_ENABLE_OBJC_ARC = YES;
				CLANG_WARN_BOOL_CONVERSION = YES;
				CLANG_WARN_CONSTANT_CONVERSION = YES;
				CLANG_WARN_DIRECT_OBJC_ISA_USAGE = YES_ERROR;
				CLANG_WARN_EMPTY_BODY = YES;
				CLANG_WARN_ENUM_CONVERSION = YES;
				CLANG_WARN_INT_CONVERSION = YES;
				CLANG_WARN_OBJC_ROOT_CLASS = YES_ERROR;
				CLANG_WARN_UNREACHABLE_CODE = YES;
				CLANG_WARN__DUPLICATE_METHOD_MATCH = YES;
				COPY_PHASE_STRIP = NO;
				DEBUG_INFORMATION_FORMAT = dwarf;
				ENABLE_STRICT_OBJC_MSGSEND = YES;
				GCC_C_LANGUAGE_STANDARD = gnu99;
				GCC_DYNAMIC_NO_PIC = NO;
				GCC_NO_COMMON_BLOCKS = YES;
				GCC_OPTIMIZATION_LEVEL = 0;
				GCC_PREPROCESSOR_DEFINITIONS = (
					"DEBUG=1",
					"$(inherited)",
				);
				GCC_SYMBOLS_PRIVATE_EXTERN = NO;
				GCC_WARN_64_TO_32_BIT_CONVERSION = YES;
				GCC_WARN_ABOUT_RETURN_TYPE = YES_ERROR;
				GCC_WARN_UNDECLARED_SELECTOR = YES;
				GCC_WARN_UNINITIALIZED_AUTOS = YES_AGGRESSIVE;
				GCC_WARN_UNUSED_FUNCTION = YES;
				GCC_WARN_UNUSED_VARIABLE = YES;
				MACOSX_DEPLOYMENT_TARGET = 10.10;
				MTL_ENABLE_DEBUG_INFO = YES;
				ONLY_ACTIVE_ARCH = YES;
				SDKROOT = macosx;
			};
			name = Debug;
		};
		6620CBA01B0A8C3600ABF0DC /* Release */ = {
			isa = XCBuildConfiguration;
			buildSettings = {
				ALWAYS_SEARCH_USER_PATHS = NO;
				CLANG_CXX_LANGUAGE_STANDARD = "gnu++0x";
				CLANG_CXX_LIBRARY = "libc++";
				CLANG_ENABLE_MODULES = YES;
				CLANG_ENABLE_OBJC_ARC = YES;
				CLANG_WARN_BOOL_CONVERSION = YES;
				CLANG_WARN_CONSTANT_CONVERSION = YES;
				CLANG_WARN_DIRECT_OBJC_ISA_USAGE = YES_ERROR;
				CLANG_WARN_EMPTY_BODY = YES;
				CLANG_WARN_ENUM_CONVERSION = YES;
				CLANG_WARN_INT_CONVERSION = YES;
				CLANG_WARN_OBJC_ROOT_CLASS = YES_ERROR;
				CLANG_WARN_UNREACHABLE_CODE = YES;
				CLANG_WARN__DUPLICATE_METHOD_MATCH = YES;
				COPY_PHASE_STRIP = NO;
				DEBUG_INFORMATION_FORMAT = "dwarf-with-dsym";
				ENABLE_NS_ASSERTIONS = NO;
				ENABLE_STRICT_OBJC_MSGSEND = YES;
				GCC_C_LANGUAGE_STANDARD = gnu99;
				GCC_NO_COMMON_BLOCKS = YES;
				GCC_WARN_64_TO_32_BIT_CONVERSION = YES;
				GCC_WARN_ABOUT_RETURN_TYPE = YES_ERROR;
				GCC_WARN_UNDECLARED_SELECTOR = YES;
				GCC_WARN_UNINITIALIZED_AUTOS = YES_AGGRESSIVE;
				GCC_WARN_UNUSED_FUNCTION = YES;
				GCC_WARN_UNUSED_VARIABLE = YES;
				MACOSX_DEPLOYMENT_TARGET = 10.10;
				MTL_ENABLE_DEBUG_INFO = NO;
				SDKROOT = macosx;
			};
			name = Release;
		};
		6620CBA21B0A8C3600ABF0DC /* Debug */ = {
			isa = XCBuildConfiguration;
			buildSettings = {
				PRODUCT_NAME = "$(TARGET_NAME)";
			};
			name = Debug;
		};
		6620CBA31B0A8C3600ABF0DC /* Release */ = {
			isa = XCBuildConfiguration;
			buildSettings = {
				PRODUCT_NAME = "$(TARGET_NAME)";
			};
			name = Release;
		};
/* End XCBuildConfiguration section */

/* Begin XCConfigurationList section */
		6620CB951B0A8C3600ABF0DC /* Build configuration list for PBXProject "Fila de Prioridade" */ = {
			isa = XCConfigurationList;
			buildConfigurations = (
				6620CB9F1B0A8C3600ABF0DC /* Debug */,
				6620CBA01B0A8C3600ABF0DC /* Release */,
			);
			defaultConfigurationIsVisible = 0;
			defaultConfigurationName = Release;
		};
		6620CBA11B0A8C3600ABF0DC /* Build configuration list for PBXNativeTarget "Fila de Prioridade" */ = {
			isa = XCConfigurationList;
			buildConfigurations = (
				6620CBA21B0A8C3600ABF0DC /* Debug */,
				6620CBA31B0A8C3600ABF0DC /* Release */,
			);
			defaultConfigurationIsVisible = 0;
		};
/* End XCConfigurationList section */
	};
	rootObject = 6620CB921B0A8C3600ABF0DC /* Project object */;
}
